{"1.2.0",
[{<<"cowboy">>,{pkg,<<"cowboy">>,<<"2.8.0">>},0},
 {<<"cowlib">>,{pkg,<<"cowlib">>,<<"2.9.1">>},1},
 {<<"kvs">>,{pkg,<<"kvs">>,<<"9.4.2">>},0},
 {<<"n2o">>,{pkg,<<"n2o">>,<<"8.12.1">>},0},
 {<<"nitro">>,{pkg,<<"nitro">>,<<"7.4.1">>},0},
 {<<"ranch">>,{pkg,<<"ranch">>,<<"1.7.1">>},1},
 {<<"syn">>,{pkg,<<"syn">>,<<"2.1.1">>},0}]}.
[
{pkg_hash,[
 {<<"cowboy">>, <<"F3DC62E35797ECD9AC1B50DB74611193C29815401E53BAC9A5C0577BD7BC667D">>},
 {<<"cowlib">>, <<"61A6C7C50CF07FDD24B2F45B89500BB93B6686579B069A89F88CB211E1125C78">>},
 {<<"kvs">>, <<"29CA568E564CF4FF0E596B30F912A5EAE5E41ECC75CB01D9824EDD6CAD75B919">>},
 {<<"n2o">>, <<"F5C0EF841F3028FF56FB5AED7DDB5F3895EDE669B77C9720ADAB8584E824CC77">>},
 {<<"nitro">>, <<"EBF462FF2AD94FF59067020DF09A43CE7CAD0D6F88BC7875849FEF920506959F">>},
 {<<"ranch">>, <<"6B1FAB51B49196860B733A49C07604465A47BDB78AA10C1C16A3D199F7F8C881">>},
 {<<"syn">>, <<"51BB544CE3AFCD84CFED4074B22D56143420E64A28A4D59AF3CF0330A8635901">>}]},
{pkg_hash_ext,[
 {<<"cowboy">>, <<"4643E4FBA74AC96D4D152C75803DE6FAD0B3FA5DF354C71AFDD6CBEEB15FAC8A">>},
 {<<"cowlib">>, <<"E4175DC240A70D996156160891E1C62238EDE1729E45740BDD38064DAD476170">>},
 {<<"kvs">>, <<"85D93B5EBFA3A72D8212DDE25E79E3AEBB252A88BDECEAB0A3921D48254FDD32">>},
 {<<"n2o">>, <<"55D785C7365C562CF6AA80F76ED0C55947E49BBFB62AAE4B8C6B3CADDC8506E5">>},
 {<<"nitro">>, <<"30420A1A439B9CC484F4F00DD3BA88672A455C9F8E4065747F3DC70E8A31E17D">>},
 {<<"ranch">>, <<"451D8527787DF716D99DC36162FCA05934915DB0B6141BBDAC2EA8D3C7AFC7D7">>},
 {<<"syn">>, <<"40C43FFABF70D6165F862748BB28F1ADAF6324FD38CEEE24733B0DC1067AB358">>}]}
].
