{"1.2.0",
[{<<"cowboy">>,{pkg,<<"cowboy">>,<<"2.9.0">>},0},
 {<<"cowlib">>,{pkg,<<"cowlib">>,<<"2.11.0">>},1},
 {<<"erlydtl">>,{pkg,<<"erlydtl">>,<<"0.14.0">>},0},
 {<<"jsone">>,{pkg,<<"jsone">>,<<"1.7.0">>},0},
 {<<"kvs">>,{pkg,<<"kvs">>,<<"9.4.6">>},0},
 {<<"n2o">>,{pkg,<<"n2o">>,<<"9.4.0">>},0},
 {<<"nitro">>,{pkg,<<"nitro">>,<<"7.5.0">>},0},
 {<<"ranch">>,{pkg,<<"ranch">>,<<"1.8.0">>},1},
 {<<"syn">>,{pkg,<<"syn">>,<<"2.1.1">>},0}]}.
[
{pkg_hash,[
 {<<"cowboy">>, <<"865DD8B6607E14CF03282E10E934023A1BD8BE6F6BACF921A7E2A96D800CD452">>},
 {<<"cowlib">>, <<"0B9FF9C346629256C42EBE1EEB769A83C6CB771A6EE5960BD110AB0B9B872063">>},
 {<<"erlydtl">>, <<"964B2DC84F8C17ACFAA69C59BA129EF26AC45D2BA898C3C6AD9B5BDC8BA13CED">>},
 {<<"jsone">>, <<"1E3BD7D5DD44BB2EB0797DDDEA1CBF2DDAB8D9F29E499A467CA171C23F5984EA">>},
 {<<"kvs">>, <<"33246E81987227A9E5802691346716DCF12755B948AEE528509E0FE0AEBE1C33">>},
 {<<"n2o">>, <<"792BF8E9D3A155AD4FF56E9DFE4AD34AADD1EEECE5F71B9FE77D363FC51BA41E">>},
 {<<"nitro">>, <<"F2A6914D813A026EB8412883205235C391E11F027346D8A0E70E0A59AFDFE0FF">>},
 {<<"ranch">>, <<"8C7A100A139FD57F17327B6413E4167AC559FBC04CA7448E9BE9057311597A1D">>},
 {<<"syn">>, <<"51BB544CE3AFCD84CFED4074B22D56143420E64A28A4D59AF3CF0330A8635901">>}]},
{pkg_hash_ext,[
 {<<"cowboy">>, <<"2C729F934B4E1AA149AFF882F57C6372C15399A20D54F65C8D67BEF583021BDE">>},
 {<<"cowlib">>, <<"2B3E9DA0B21C4565751A6D4901C20D1B4CC25CBB7FD50D91D2AB6DD287BC86A9">>},
 {<<"erlydtl">>, <<"D80EC044CD8F58809C19D29AC5605BE09E955040911B644505E31E9DD8143431">>},
 {<<"jsone">>, <<"A3A33712EE6BC8BE10CFA21C7C425A299DE4C5A8533F9F931E577A6D0E8F5DBD">>},
 {<<"kvs">>, <<"0762E658805CDA49FE38054CD8685A69795C78C1664ABE21FEC098A083C22314">>},
 {<<"n2o">>, <<"B1EB2048E688B0FDC6F2CF11631F8F364EE5D3C369FBEFA69A0D2CCDB41D13DE">>},
 {<<"nitro">>, <<"A80764C45B04AA75F386847E5CA5ABE38635EBFABC9EC4F74161D0C23E8B590E">>},
 {<<"ranch">>, <<"49FBCFD3682FAB1F5D109351B61257676DA1A2FDBE295904176D5E521A2DDFE5">>},
 {<<"syn">>, <<"40C43FFABF70D6165F862748BB28F1ADAF6324FD38CEEE24733B0DC1067AB358">>}]}
].
